
Microsoft Visual Studio Solution File, Format Version 12.00
# Visual Studio 15
VisualStudioVersion = 15.0.27130.2036
MinimumVisualStudioVersion = 10.0.40219.1
Project("{FAE04EC0-301F-11D3-BF4B-00C04F79EFBC}") = "StardewModdingAPI.Mods.ConsoleCommands", "SMAPI.Mods.ConsoleCommands\StardewModdingAPI.Mods.ConsoleCommands.csproj", "{28480467-1A48-46A7-99F8-236D95225359}"
EndProject
Project("{FAE04EC0-301F-11D3-BF4B-00C04F79EFBC}") = "StardewModdingAPI", "SMAPI\StardewModdingAPI.csproj", "{F1A573B0-F436-472C-AE29-0B91EA6B9F8F}"
	ProjectSection(ProjectDependencies) = postProject
		{80AD8528-AA49-4731-B4A6-C691845815A1} = {80AD8528-AA49-4731-B4A6-C691845815A1}
	EndProjectSection
EndProject
Project("{2150E333-8FDC-42A3-9474-1A3956D46DE8}") = ".root", ".root", "{86C452BE-D2D8-45B4-B63F-E329EB06CEDA}"
	ProjectSection(SolutionItems) = preProject
		..\.editorconfig = ..\.editorconfig
		..\.gitattributes = ..\.gitattributes
		..\.gitignore = ..\.gitignore
		..\LICENSE.txt = ..\LICENSE.txt
	EndProjectSection
EndProject
Project("{FAE04EC0-301F-11D3-BF4B-00C04F79EFBC}") = "StardewModdingAPI.Installer", "SMAPI.Installer\StardewModdingAPI.Installer.csproj", "{443DDF81-6AAF-420A-A610-3459F37E5575}"
	ProjectSection(ProjectDependencies) = postProject
		{28480467-1A48-46A7-99F8-236D95225359} = {28480467-1A48-46A7-99F8-236D95225359}
		{F1A573B0-F436-472C-AE29-0B91EA6B9F8F} = {F1A573B0-F436-472C-AE29-0B91EA6B9F8F}
	EndProjectSection
EndProject
Project("{FAE04EC0-301F-11D3-BF4B-00C04F79EFBC}") = "StardewModdingAPI.AssemblyRewriters", "SMAPI.AssemblyRewriters\StardewModdingAPI.AssemblyRewriters.csproj", "{10DB0676-9FC1-4771-A2C8-E2519F091E49}"
EndProject
Project("{FAE04EC0-301F-11D3-BF4B-00C04F79EFBC}") = "StardewModdingAPI.Tests", "SMAPI.Tests\StardewModdingAPI.Tests.csproj", "{36CCB19E-92EB-48C7-9615-98EEFD45109B}"
EndProject
Project("{9A19103F-16F7-4668-BE54-9A1E7A4F7556}") = "StardewModdingAPI.Web", "SMAPI.Web\StardewModdingAPI.Web.csproj", "{A308F679-51A3-4006-92D5-BAEC7EBD01A1}"
EndProject
Project("{2150E333-8FDC-42A3-9474-1A3956D46DE8}") = "Internal", "Internal", "{82D22ED7-A0A7-4D64-8E92-4B6A5E74ED11}"
EndProject
Project("{D954291E-2A0B-460D-934E-DC6B0785DB48}") = "StardewModdingAPI.Common", "SMAPI.Common\StardewModdingAPI.Common.shproj", "{2AA02FB6-FF03-41CF-A215-2EE60AB4F5DC}"
EndProject
Project("{2150E333-8FDC-42A3-9474-1A3956D46DE8}") = "docs", "docs", "{EB35A917-67B9-4EFA-8DFC-4FB49B3949BB}"
	ProjectSection(SolutionItems) = preProject
		..\docs\CONTRIBUTING.md = ..\docs\CONTRIBUTING.md
		..\docs\mod-build-config.md = ..\docs\mod-build-config.md
		..\docs\README.md = ..\docs\README.md
		..\docs\release-notes.md = ..\docs\release-notes.md
		..\docs\technical-docs.md = ..\docs\technical-docs.md
	EndProjectSection
EndProject
Project("{2150E333-8FDC-42A3-9474-1A3956D46DE8}") = "build", "build", "{09CF91E5-5BAB-4650-A200-E5EA9A633046}"
	ProjectSection(SolutionItems) = preProject
		..\build\common.targets = ..\build\common.targets
		..\build\GlobalAssemblyInfo.cs = ..\build\GlobalAssemblyInfo.cs
		..\build\prepare-install-package.targets = ..\build\prepare-install-package.targets
		..\build\prepare-nuget-package.targets = ..\build\prepare-nuget-package.targets
	EndProjectSection
EndProject
Project("{FAE04EC0-301F-11D3-BF4B-00C04F79EFBC}") = "StardewModdingAPI.ModBuildConfig", "SMAPI.ModBuildConfig\StardewModdingAPI.ModBuildConfig.csproj", "{EA4F1E80-743F-4A1D-9757-AE66904A196A}"
	ProjectSection(ProjectDependencies) = postProject
		{80AD8528-AA49-4731-B4A6-C691845815A1} = {80AD8528-AA49-4731-B4A6-C691845815A1}
	EndProjectSection
EndProject
Project("{9A19103F-16F7-4668-BE54-9A1E7A4F7556}") = "StardewModdingAPI.ModBuildConfig.Analyzer", "SMAPI.ModBuildConfig.Analyzer\StardewModdingAPI.ModBuildConfig.Analyzer.csproj", "{80AD8528-AA49-4731-B4A6-C691845815A1}"
EndProject
Project("{9A19103F-16F7-4668-BE54-9A1E7A4F7556}") = "SMAPI.ModBuildConfig.Analyzer.Tests", "SMAPI.ModBuildConfig.Analyzer.Tests\SMAPI.ModBuildConfig.Analyzer.Tests.csproj", "{0CF97929-B0D0-4D73-B7BF-4FF7191035F9}"
EndProject
Global
	GlobalSection(SharedMSBuildProjectFiles) = preSolution
		SMAPI.Common\StardewModdingAPI.Common.projitems*{2aa02fb6-ff03-41cf-a215-2ee60ab4f5dc}*SharedItemsImports = 13
		SMAPI.Common\StardewModdingAPI.Common.projitems*{443ddf81-6aaf-420a-a610-3459f37e5575}*SharedItemsImports = 4
		SMAPI.Common\StardewModdingAPI.Common.projitems*{ea4f1e80-743f-4a1d-9757-ae66904a196a}*SharedItemsImports = 4
		SMAPI.Common\StardewModdingAPI.Common.projitems*{f1a573b0-f436-472c-ae29-0b91ea6b9f8f}*SharedItemsImports = 4
	EndGlobalSection
	GlobalSection(SolutionConfigurationPlatforms) = preSolution
		Debug|Any CPU = Debug|Any CPU
		Debug|Mixed Platforms = Debug|Mixed Platforms
		Debug|x86 = Debug|x86
		Release|Any CPU = Release|Any CPU
		Release|Mixed Platforms = Release|Mixed Platforms
		Release|x86 = Release|x86
	EndGlobalSection
	GlobalSection(ProjectConfigurationPlatforms) = postSolution
		{28480467-1A48-46A7-99F8-236D95225359}.Debug|Any CPU.ActiveCfg = Debug|x86
		{28480467-1A48-46A7-99F8-236D95225359}.Debug|Mixed Platforms.ActiveCfg = Debug|x86
		{28480467-1A48-46A7-99F8-236D95225359}.Debug|Mixed Platforms.Build.0 = Debug|x86
		{28480467-1A48-46A7-99F8-236D95225359}.Debug|x86.ActiveCfg = Debug|x86
		{28480467-1A48-46A7-99F8-236D95225359}.Debug|x86.Build.0 = Debug|x86
		{28480467-1A48-46A7-99F8-236D95225359}.Release|Any CPU.ActiveCfg = Release|x86
		{28480467-1A48-46A7-99F8-236D95225359}.Release|Mixed Platforms.ActiveCfg = Release|x86
		{28480467-1A48-46A7-99F8-236D95225359}.Release|Mixed Platforms.Build.0 = Release|x86
		{28480467-1A48-46A7-99F8-236D95225359}.Release|x86.ActiveCfg = Release|x86
		{28480467-1A48-46A7-99F8-236D95225359}.Release|x86.Build.0 = Release|x86
		{F1A573B0-F436-472C-AE29-0B91EA6B9F8F}.Debug|Any CPU.ActiveCfg = Debug|x86
		{F1A573B0-F436-472C-AE29-0B91EA6B9F8F}.Debug|Mixed Platforms.ActiveCfg = Debug|x86
		{F1A573B0-F436-472C-AE29-0B91EA6B9F8F}.Debug|Mixed Platforms.Build.0 = Debug|x86
		{F1A573B0-F436-472C-AE29-0B91EA6B9F8F}.Debug|x86.ActiveCfg = Debug|x86
		{F1A573B0-F436-472C-AE29-0B91EA6B9F8F}.Debug|x86.Build.0 = Debug|x86
		{F1A573B0-F436-472C-AE29-0B91EA6B9F8F}.Release|Any CPU.ActiveCfg = Release|x86
		{F1A573B0-F436-472C-AE29-0B91EA6B9F8F}.Release|Mixed Platforms.ActiveCfg = Release|x86
		{F1A573B0-F436-472C-AE29-0B91EA6B9F8F}.Release|Mixed Platforms.Build.0 = Release|x86
		{F1A573B0-F436-472C-AE29-0B91EA6B9F8F}.Release|x86.ActiveCfg = Release|x86
		{F1A573B0-F436-472C-AE29-0B91EA6B9F8F}.Release|x86.Build.0 = Release|x86
		{443DDF81-6AAF-420A-A610-3459F37E5575}.Debug|Any CPU.ActiveCfg = Debug|x86
		{443DDF81-6AAF-420A-A610-3459F37E5575}.Debug|Mixed Platforms.ActiveCfg = Debug|x86
		{443DDF81-6AAF-420A-A610-3459F37E5575}.Debug|Mixed Platforms.Build.0 = Debug|x86
		{443DDF81-6AAF-420A-A610-3459F37E5575}.Debug|x86.ActiveCfg = Debug|x86
		{443DDF81-6AAF-420A-A610-3459F37E5575}.Debug|x86.Build.0 = Debug|x86
		{443DDF81-6AAF-420A-A610-3459F37E5575}.Release|Any CPU.ActiveCfg = Release|x86
		{443DDF81-6AAF-420A-A610-3459F37E5575}.Release|Mixed Platforms.ActiveCfg = Release|x86
		{443DDF81-6AAF-420A-A610-3459F37E5575}.Release|Mixed Platforms.Build.0 = Release|x86
		{443DDF81-6AAF-420A-A610-3459F37E5575}.Release|x86.ActiveCfg = Release|x86
		{443DDF81-6AAF-420A-A610-3459F37E5575}.Release|x86.Build.0 = Release|x86
		{10DB0676-9FC1-4771-A2C8-E2519F091E49}.Debug|Any CPU.ActiveCfg = Debug|x86
		{10DB0676-9FC1-4771-A2C8-E2519F091E49}.Debug|Mixed Platforms.ActiveCfg = Debug|x86
		{10DB0676-9FC1-4771-A2C8-E2519F091E49}.Debug|Mixed Platforms.Build.0 = Debug|x86
		{10DB0676-9FC1-4771-A2C8-E2519F091E49}.Debug|x86.ActiveCfg = Debug|x86
		{10DB0676-9FC1-4771-A2C8-E2519F091E49}.Debug|x86.Build.0 = Debug|x86
		{10DB0676-9FC1-4771-A2C8-E2519F091E49}.Release|Any CPU.ActiveCfg = Release|x86
		{10DB0676-9FC1-4771-A2C8-E2519F091E49}.Release|Mixed Platforms.ActiveCfg = Release|x86
		{10DB0676-9FC1-4771-A2C8-E2519F091E49}.Release|Mixed Platforms.Build.0 = Release|x86
		{10DB0676-9FC1-4771-A2C8-E2519F091E49}.Release|x86.ActiveCfg = Release|x86
		{10DB0676-9FC1-4771-A2C8-E2519F091E49}.Release|x86.Build.0 = Release|x86
		{36CCB19E-92EB-48C7-9615-98EEFD45109B}.Debug|Any CPU.ActiveCfg = Debug|x86
		{36CCB19E-92EB-48C7-9615-98EEFD45109B}.Debug|Mixed Platforms.ActiveCfg = Debug|x86
		{36CCB19E-92EB-48C7-9615-98EEFD45109B}.Debug|Mixed Platforms.Build.0 = Debug|x86
		{36CCB19E-92EB-48C7-9615-98EEFD45109B}.Debug|x86.ActiveCfg = Debug|x86
		{36CCB19E-92EB-48C7-9615-98EEFD45109B}.Debug|x86.Build.0 = Debug|x86
		{36CCB19E-92EB-48C7-9615-98EEFD45109B}.Release|Any CPU.ActiveCfg = Release|x86
		{36CCB19E-92EB-48C7-9615-98EEFD45109B}.Release|Mixed Platforms.ActiveCfg = Release|x86
		{36CCB19E-92EB-48C7-9615-98EEFD45109B}.Release|Mixed Platforms.Build.0 = Release|x86
		{36CCB19E-92EB-48C7-9615-98EEFD45109B}.Release|x86.ActiveCfg = Release|x86
		{36CCB19E-92EB-48C7-9615-98EEFD45109B}.Release|x86.Build.0 = Release|x86
		{A308F679-51A3-4006-92D5-BAEC7EBD01A1}.Debug|Any CPU.ActiveCfg = Debug|Any CPU
		{A308F679-51A3-4006-92D5-BAEC7EBD01A1}.Debug|Any CPU.Build.0 = Debug|Any CPU
		{A308F679-51A3-4006-92D5-BAEC7EBD01A1}.Debug|Mixed Platforms.ActiveCfg = Debug|Any CPU
		{A308F679-51A3-4006-92D5-BAEC7EBD01A1}.Debug|Mixed Platforms.Build.0 = Debug|Any CPU
		{A308F679-51A3-4006-92D5-BAEC7EBD01A1}.Debug|x86.ActiveCfg = Debug|Any CPU
		{A308F679-51A3-4006-92D5-BAEC7EBD01A1}.Debug|x86.Build.0 = Debug|Any CPU
		{A308F679-51A3-4006-92D5-BAEC7EBD01A1}.Release|Any CPU.ActiveCfg = Release|Any CPU
		{A308F679-51A3-4006-92D5-BAEC7EBD01A1}.Release|Any CPU.Build.0 = Release|Any CPU
		{A308F679-51A3-4006-92D5-BAEC7EBD01A1}.Release|Mixed Platforms.ActiveCfg = Release|Any CPU
		{A308F679-51A3-4006-92D5-BAEC7EBD01A1}.Release|Mixed Platforms.Build.0 = Release|Any CPU
		{A308F679-51A3-4006-92D5-BAEC7EBD01A1}.Release|x86.ActiveCfg = Release|Any CPU
		{A308F679-51A3-4006-92D5-BAEC7EBD01A1}.Release|x86.Build.0 = Release|Any CPU
		{EA4F1E80-743F-4A1D-9757-AE66904A196A}.Debug|Any CPU.ActiveCfg = Debug|x86
		{EA4F1E80-743F-4A1D-9757-AE66904A196A}.Debug|Mixed Platforms.ActiveCfg = Debug|x86
		{EA4F1E80-743F-4A1D-9757-AE66904A196A}.Debug|Mixed Platforms.Build.0 = Debug|x86
		{EA4F1E80-743F-4A1D-9757-AE66904A196A}.Debug|x86.ActiveCfg = Debug|x86
		{EA4F1E80-743F-4A1D-9757-AE66904A196A}.Debug|x86.Build.0 = Debug|x86
		{EA4F1E80-743F-4A1D-9757-AE66904A196A}.Release|Any CPU.ActiveCfg = Release|x86
		{EA4F1E80-743F-4A1D-9757-AE66904A196A}.Release|Mixed Platforms.ActiveCfg = Release|x86
		{EA4F1E80-743F-4A1D-9757-AE66904A196A}.Release|Mixed Platforms.Build.0 = Release|x86
		{EA4F1E80-743F-4A1D-9757-AE66904A196A}.Release|x86.ActiveCfg = Release|x86
		{EA4F1E80-743F-4A1D-9757-AE66904A196A}.Release|x86.Build.0 = Release|x86
		{80AD8528-AA49-4731-B4A6-C691845815A1}.Debug|Any CPU.ActiveCfg = Debug|Any CPU
		{80AD8528-AA49-4731-B4A6-C691845815A1}.Debug|Any CPU.Build.0 = Debug|Any CPU
		{80AD8528-AA49-4731-B4A6-C691845815A1}.Debug|Mixed Platforms.ActiveCfg = Debug|Any CPU
		{80AD8528-AA49-4731-B4A6-C691845815A1}.Debug|Mixed Platforms.Build.0 = Debug|Any CPU
		{80AD8528-AA49-4731-B4A6-C691845815A1}.Debug|x86.ActiveCfg = Debug|Any CPU
		{80AD8528-AA49-4731-B4A6-C691845815A1}.Debug|x86.Build.0 = Debug|Any CPU
		{80AD8528-AA49-4731-B4A6-C691845815A1}.Release|Any CPU.ActiveCfg = Release|Any CPU
		{80AD8528-AA49-4731-B4A6-C691845815A1}.Release|Any CPU.Build.0 = Release|Any CPU
		{80AD8528-AA49-4731-B4A6-C691845815A1}.Release|Mixed Platforms.ActiveCfg = Release|Any CPU
		{80AD8528-AA49-4731-B4A6-C691845815A1}.Release|Mixed Platforms.Build.0 = Release|Any CPU
		{80AD8528-AA49-4731-B4A6-C691845815A1}.Release|x86.ActiveCfg = Release|Any CPU
		{80AD8528-AA49-4731-B4A6-C691845815A1}.Release|x86.Build.0 = Release|Any CPU
		{0CF97929-B0D0-4D73-B7BF-4FF7191035F9}.Debug|Any CPU.ActiveCfg = Debug|Any CPU
		{0CF97929-B0D0-4D73-B7BF-4FF7191035F9}.Debug|Any CPU.Build.0 = Debug|Any CPU
		{0CF97929-B0D0-4D73-B7BF-4FF7191035F9}.Debug|Mixed Platforms.ActiveCfg = Debug|Any CPU
		{0CF97929-B0D0-4D73-B7BF-4FF7191035F9}.Debug|Mixed Platforms.Build.0 = Debug|Any CPU
		{0CF97929-B0D0-4D73-B7BF-4FF7191035F9}.Debug|x86.ActiveCfg = Debug|Any CPU
		{0CF97929-B0D0-4D73-B7BF-4FF7191035F9}.Debug|x86.Build.0 = Debug|Any CPU
		{0CF97929-B0D0-4D73-B7BF-4FF7191035F9}.Release|Any CPU.ActiveCfg = Release|Any CPU
		{0CF97929-B0D0-4D73-B7BF-4FF7191035F9}.Release|Any CPU.Build.0 = Release|Any CPU
		{0CF97929-B0D0-4D73-B7BF-4FF7191035F9}.Release|Mixed Platforms.ActiveCfg = Release|Any CPU
		{0CF97929-B0D0-4D73-B7BF-4FF7191035F9}.Release|Mixed Platforms.Build.0 = Release|Any CPU
		{0CF97929-B0D0-4D73-B7BF-4FF7191035F9}.Release|x86.ActiveCfg = Release|Any CPU
		{0CF97929-B0D0-4D73-B7BF-4FF7191035F9}.Release|x86.Build.0 = Release|Any CPU
	EndGlobalSection
	GlobalSection(SolutionProperties) = preSolution
		HideSolutionNode = FALSE
	EndGlobalSection
	GlobalSection(NestedProjects) = preSolution
		{10DB0676-9FC1-4771-A2C8-E2519F091E49} = {82D22ED7-A0A7-4D64-8E92-4B6A5E74ED11}
		{36CCB19E-92EB-48C7-9615-98EEFD45109B} = {82D22ED7-A0A7-4D64-8E92-4B6A5E74ED11}
		{2AA02FB6-FF03-41CF-A215-2EE60AB4F5DC} = {82D22ED7-A0A7-4D64-8E92-4B6A5E74ED11}
		{EB35A917-67B9-4EFA-8DFC-4FB49B3949BB} = {86C452BE-D2D8-45B4-B63F-E329EB06CEDA}
		{09CF91E5-5BAB-4650-A200-E5EA9A633046} = {86C452BE-D2D8-45B4-B63F-E329EB06CEDA}
		{0CF97929-B0D0-4D73-B7BF-4FF7191035F9} = {82D22ED7-A0A7-4D64-8E92-4B6A5E74ED11}
	EndGlobalSection
	GlobalSection(ExtensibilityGlobals) = postSolution
		SolutionGuid = {70143042-A862-47A8-A677-7C819DDC90DC}
	EndGlobalSection
EndGlobal
