
Microsoft Visual Studio Solution File, Format Version 12.00
# Visual Studio Version 16
VisualStudioVersion = 16.0.28729.10
MinimumVisualStudioVersion = 10.0.40219.1
Project("{9A19103F-16F7-4668-BE54-9A1E7A4F7556}") = "SMAPI", "SMAPI\StardewModdingAPI.csproj", "{1298F2B2-57BD-4647-AF70-1FCBBEE500B6}"
EndProject
Project("{2150E333-8FDC-42A3-9474-1A3956D46DE8}") = ".root", ".root", "{86C452BE-D2D8-45B4-B63F-E329EB06CEDA}"
	ProjectSection(SolutionItems) = preProject
		..\.editorconfig = ..\.editorconfig
		..\.gitattributes = ..\.gitattributes
		..\.gitignore = ..\.gitignore
		..\LICENSE.txt = ..\LICENSE.txt
	EndProjectSection
EndProject
Project("{9A19103F-16F7-4668-BE54-9A1E7A4F7556}") = "StardewModdingAPI.Installer", "SMAPI.Installer\StardewModdingAPI.Installer.csproj", "{0ED5EAD8-5D85-420D-8101-6D8CCCE29C9B}"
	ProjectSection(ProjectDependencies) = postProject
		{E4113F3E-3CAA-4288-9378-39A77BA625DB} = {E4113F3E-3CAA-4288-9378-39A77BA625DB}
		{8C2CA4AB-BA8A-446A-B59E-9D6502E145F7} = {8C2CA4AB-BA8A-446A-B59E-9D6502E145F7}
		{1298F2B2-57BD-4647-AF70-1FCBBEE500B6} = {1298F2B2-57BD-4647-AF70-1FCBBEE500B6}
	EndProjectSection
EndProject
Project("{9A19103F-16F7-4668-BE54-9A1E7A4F7556}") = "StardewModdingAPI.Tests", "SMAPI.Tests\StardewModdingAPI.Tests.csproj", "{E023DA12-5960-4101-80B9-A7DCE955725C}"
EndProject
Project("{9A19103F-16F7-4668-BE54-9A1E7A4F7556}") = "StardewModdingAPI.Web", "SMAPI.Web\StardewModdingAPI.Web.csproj", "{A308F679-51A3-4006-92D5-BAEC7EBD01A1}"
EndProject
Project("{2150E333-8FDC-42A3-9474-1A3956D46DE8}") = "Internal", "Internal", "{82D22ED7-A0A7-4D64-8E92-4B6A5E74ED11}"
EndProject
Project("{2150E333-8FDC-42A3-9474-1A3956D46DE8}") = "docs", "docs", "{EB35A917-67B9-4EFA-8DFC-4FB49B3949BB}"
	ProjectSection(SolutionItems) = preProject
		..\docs\mod-build-config.md = ..\docs\mod-build-config.md
		..\docs\README.md = ..\docs\README.md
		..\docs\release-notes.md = ..\docs\release-notes.md
		..\docs\technical-docs.md = ..\docs\technical-docs.md
	EndProjectSection
EndProject
Project("{2150E333-8FDC-42A3-9474-1A3956D46DE8}") = "build", "build", "{09CF91E5-5BAB-4650-A200-E5EA9A633046}"
	ProjectSection(SolutionItems) = preProject
		..\build\common.targets = ..\build\common.targets
		..\build\GlobalAssemblyInfo.cs = ..\build\GlobalAssemblyInfo.cs
		..\build\prepare-install-package.targets = ..\build\prepare-install-package.targets
		..\build\prepare-nuget-package.targets = ..\build\prepare-nuget-package.targets
	EndProjectSection
EndProject
Project("{9A19103F-16F7-4668-BE54-9A1E7A4F7556}") = "StardewModdingAPI.ModBuildConfig", "SMAPI.ModBuildConfig\StardewModdingAPI.ModBuildConfig.csproj", "{C11D0AFB-2893-41A9-AD55-D002F032D6AD}"
EndProject
Project("{9A19103F-16F7-4668-BE54-9A1E7A4F7556}") = "StardewModdingAPI.ModBuildConfig.Analyzer", "SMAPI.ModBuildConfig.Analyzer\StardewModdingAPI.ModBuildConfig.Analyzer.csproj", "{80AD8528-AA49-4731-B4A6-C691845815A1}"
EndProject
Project("{9A19103F-16F7-4668-BE54-9A1E7A4F7556}") = "SMAPI.ModBuildConfig.Analyzer.Tests", "SMAPI.ModBuildConfig.Analyzer.Tests\SMAPI.ModBuildConfig.Analyzer.Tests.csproj", "{0CF97929-B0D0-4D73-B7BF-4FF7191035F9}"
EndProject
Project("{D954291E-2A0B-460D-934E-DC6B0785DB48}") = "StardewModdingAPI.Internal", "SMAPI.Internal\StardewModdingAPI.Internal.shproj", "{85208F8D-6FD1-4531-BE05-7142490F59FE}"
EndProject
Project("{9A19103F-16F7-4668-BE54-9A1E7A4F7556}") = "StardewModdingAPI.Mods.ConsoleCommands", "SMAPI.Mods.ConsoleCommands\StardewModdingAPI.Mods.ConsoleCommands.csproj", "{8C2CA4AB-BA8A-446A-B59E-9D6502E145F7}"
EndProject
Project("{9A19103F-16F7-4668-BE54-9A1E7A4F7556}") = "StardewModdingAPI.Mods.SaveBackup", "SMAPI.Mods.SaveBackup\StardewModdingAPI.Mods.SaveBackup.csproj", "{E4113F3E-3CAA-4288-9378-39A77BA625DB}"
EndProject
Project("{9A19103F-16F7-4668-BE54-9A1E7A4F7556}") = "StardewModdingAPI.Toolkit", "SMAPI.Toolkit\StardewModdingAPI.Toolkit.csproj", "{EA5CFD2E-9453-4D29-B80F-8E0EA23F4AC6}"
EndProject
Project("{9A19103F-16F7-4668-BE54-9A1E7A4F7556}") = "StardewModdingAPI.Toolkit.CoreInterfaces", "SMAPI.Toolkit.CoreInterfaces\StardewModdingAPI.Toolkit.CoreInterfaces.csproj", "{D5CFD923-37F1-4BC3-9BE8-E506E202AC28}"
EndProject
Project("{2150E333-8FDC-42A3-9474-1A3956D46DE8}") = ".github", ".github", "{4B1CEB70-F756-4A57-AAE8-8CD78C475F25}"
	ProjectSection(SolutionItems) = preProject
		..\.github\CONTRIBUTING.md = ..\.github\CONTRIBUTING.md
		..\.github\SUPPORT.md = ..\.github\SUPPORT.md
	EndProjectSection
EndProject
Project("{2150E333-8FDC-42A3-9474-1A3956D46DE8}") = "ISSUE_TEMPLATE", "ISSUE_TEMPLATE", "{F4453AB6-D7D6-447F-A973-956CC777968F}"
	ProjectSection(SolutionItems) = preProject
		..\.github\ISSUE_TEMPLATE\bug_report.md = ..\.github\ISSUE_TEMPLATE\bug_report.md
		..\.github\ISSUE_TEMPLATE\feature_request.md = ..\.github\ISSUE_TEMPLATE\feature_request.md
		..\.github\ISSUE_TEMPLATE\general.md = ..\.github\ISSUE_TEMPLATE\general.md
	EndProjectSection
EndProject
Global
	GlobalSection(SharedMSBuildProjectFiles) = preSolution
		SMAPI.Internal\SMAPI.Internal.projitems*{85208f8d-6fd1-4531-be05-7142490f59fe}*SharedItemsImports = 13
	EndGlobalSection
	GlobalSection(SolutionConfigurationPlatforms) = preSolution
		Debug|Any CPU = Debug|Any CPU
		Release|Any CPU = Release|Any CPU
	EndGlobalSection
	GlobalSection(ProjectConfigurationPlatforms) = postSolution
		{1298F2B2-57BD-4647-AF70-1FCBBEE500B6}.Debug|Any CPU.ActiveCfg = Debug|Any CPU
		{1298F2B2-57BD-4647-AF70-1FCBBEE500B6}.Debug|Any CPU.Build.0 = Debug|Any CPU
		{1298F2B2-57BD-4647-AF70-1FCBBEE500B6}.Release|Any CPU.ActiveCfg = Release|Any CPU
		{1298F2B2-57BD-4647-AF70-1FCBBEE500B6}.Release|Any CPU.Build.0 = Release|Any CPU
		{0ED5EAD8-5D85-420D-8101-6D8CCCE29C9B}.Debug|Any CPU.ActiveCfg = Debug|Any CPU
		{0ED5EAD8-5D85-420D-8101-6D8CCCE29C9B}.Debug|Any CPU.Build.0 = Debug|Any CPU
		{0ED5EAD8-5D85-420D-8101-6D8CCCE29C9B}.Release|Any CPU.ActiveCfg = Release|Any CPU
		{0ED5EAD8-5D85-420D-8101-6D8CCCE29C9B}.Release|Any CPU.Build.0 = Release|Any CPU
		{E023DA12-5960-4101-80B9-A7DCE955725C}.Debug|Any CPU.ActiveCfg = Debug|Any CPU
		{E023DA12-5960-4101-80B9-A7DCE955725C}.Debug|Any CPU.Build.0 = Debug|Any CPU
		{E023DA12-5960-4101-80B9-A7DCE955725C}.Release|Any CPU.ActiveCfg = Release|Any CPU
		{E023DA12-5960-4101-80B9-A7DCE955725C}.Release|Any CPU.Build.0 = Release|Any CPU
		{A308F679-51A3-4006-92D5-BAEC7EBD01A1}.Debug|Any CPU.ActiveCfg = Debug|Any CPU
		{A308F679-51A3-4006-92D5-BAEC7EBD01A1}.Debug|Any CPU.Build.0 = Debug|Any CPU
		{A308F679-51A3-4006-92D5-BAEC7EBD01A1}.Release|Any CPU.ActiveCfg = Release|Any CPU
		{A308F679-51A3-4006-92D5-BAEC7EBD01A1}.Release|Any CPU.Build.0 = Release|Any CPU
		{C11D0AFB-2893-41A9-AD55-D002F032D6AD}.Debug|Any CPU.ActiveCfg = Debug|Any CPU
		{C11D0AFB-2893-41A9-AD55-D002F032D6AD}.Debug|Any CPU.Build.0 = Debug|Any CPU
		{C11D0AFB-2893-41A9-AD55-D002F032D6AD}.Release|Any CPU.ActiveCfg = Release|Any CPU
		{C11D0AFB-2893-41A9-AD55-D002F032D6AD}.Release|Any CPU.Build.0 = Release|Any CPU
		{80AD8528-AA49-4731-B4A6-C691845815A1}.Debug|Any CPU.ActiveCfg = Debug|Any CPU
		{80AD8528-AA49-4731-B4A6-C691845815A1}.Debug|Any CPU.Build.0 = Debug|Any CPU
		{80AD8528-AA49-4731-B4A6-C691845815A1}.Release|Any CPU.ActiveCfg = Release|Any CPU
		{80AD8528-AA49-4731-B4A6-C691845815A1}.Release|Any CPU.Build.0 = Release|Any CPU
		{0CF97929-B0D0-4D73-B7BF-4FF7191035F9}.Debug|Any CPU.ActiveCfg = Debug|Any CPU
		{0CF97929-B0D0-4D73-B7BF-4FF7191035F9}.Debug|Any CPU.Build.0 = Debug|Any CPU
		{0CF97929-B0D0-4D73-B7BF-4FF7191035F9}.Release|Any CPU.ActiveCfg = Release|Any CPU
		{0CF97929-B0D0-4D73-B7BF-4FF7191035F9}.Release|Any CPU.Build.0 = Release|Any CPU
		{EA5CFD2E-9453-4D29-B80F-8E0EA23F4AC6}.Debug|Any CPU.ActiveCfg = Debug|Any CPU
		{EA5CFD2E-9453-4D29-B80F-8E0EA23F4AC6}.Debug|Any CPU.Build.0 = Debug|Any CPU
		{EA5CFD2E-9453-4D29-B80F-8E0EA23F4AC6}.Release|Any CPU.ActiveCfg = Release|Any CPU
		{EA5CFD2E-9453-4D29-B80F-8E0EA23F4AC6}.Release|Any CPU.Build.0 = Release|Any CPU
		{D5CFD923-37F1-4BC3-9BE8-E506E202AC28}.Debug|Any CPU.ActiveCfg = Debug|Any CPU
		{D5CFD923-37F1-4BC3-9BE8-E506E202AC28}.Debug|Any CPU.Build.0 = Debug|Any CPU
		{D5CFD923-37F1-4BC3-9BE8-E506E202AC28}.Release|Any CPU.ActiveCfg = Release|Any CPU
		{D5CFD923-37F1-4BC3-9BE8-E506E202AC28}.Release|Any CPU.Build.0 = Release|Any CPU
		{8C2CA4AB-BA8A-446A-B59E-9D6502E145F7}.Debug|Any CPU.ActiveCfg = Debug|Any CPU
		{8C2CA4AB-BA8A-446A-B59E-9D6502E145F7}.Debug|Any CPU.Build.0 = Debug|Any CPU
		{8C2CA4AB-BA8A-446A-B59E-9D6502E145F7}.Release|Any CPU.ActiveCfg = Release|Any CPU
		{8C2CA4AB-BA8A-446A-B59E-9D6502E145F7}.Release|Any CPU.Build.0 = Release|Any CPU
		{E4113F3E-3CAA-4288-9378-39A77BA625DB}.Debug|Any CPU.ActiveCfg = Debug|Any CPU
		{E4113F3E-3CAA-4288-9378-39A77BA625DB}.Debug|Any CPU.Build.0 = Debug|Any CPU
		{E4113F3E-3CAA-4288-9378-39A77BA625DB}.Release|Any CPU.ActiveCfg = Release|Any CPU
		{E4113F3E-3CAA-4288-9378-39A77BA625DB}.Release|Any CPU.Build.0 = Release|Any CPU
	EndGlobalSection
	GlobalSection(SolutionProperties) = preSolution
		HideSolutionNode = FALSE
	EndGlobalSection
	GlobalSection(NestedProjects) = preSolution
		{E023DA12-5960-4101-80B9-A7DCE955725C} = {82D22ED7-A0A7-4D64-8E92-4B6A5E74ED11}
		{EB35A917-67B9-4EFA-8DFC-4FB49B3949BB} = {86C452BE-D2D8-45B4-B63F-E329EB06CEDA}
		{09CF91E5-5BAB-4650-A200-E5EA9A633046} = {86C452BE-D2D8-45B4-B63F-E329EB06CEDA}
		{0CF97929-B0D0-4D73-B7BF-4FF7191035F9} = {82D22ED7-A0A7-4D64-8E92-4B6A5E74ED11}
		{4B1CEB70-F756-4A57-AAE8-8CD78C475F25} = {86C452BE-D2D8-45B4-B63F-E329EB06CEDA}
		{F4453AB6-D7D6-447F-A973-956CC777968F} = {4B1CEB70-F756-4A57-AAE8-8CD78C475F25}
	EndGlobalSection
	GlobalSection(ExtensibilityGlobals) = postSolution
		SolutionGuid = {70143042-A862-47A8-A677-7C819DDC90DC}
	EndGlobalSection
EndGlobal
